
Microsoft Visual Studio Solution File, Format Version 12.00
# Visual Studio 15
VisualStudioVersion = 15.0.28010.2026
MinimumVisualStudioVersion = 10.0.40219.1
Project("{FAE04EC0-301F-11D3-BF4B-00C04F79EFBC}") = "TodoList.Api", "Src\TodoList.Api\TodoList.Api.csproj", "{27343B89-6CB8-4B9E-8B03-9BE4BD6F4FB0}"
EndProject
Project("{FAE04EC0-301F-11D3-BF4B-00C04F79EFBC}") = "TodoList.Api.Tests", "Tests\TodoList.Api.Tests\TodoList.Api.Tests.csproj", "{DC1F529D-68B1-4D27-8616-743E835A75CF}"
EndProject
Project("{2150E333-8FDC-42A3-9474-1A3956D46DE8}") = "Src", "Src", "{D08B652E-B98B-473A-AC59-390AB952250C}"
EndProject
Project("{2150E333-8FDC-42A3-9474-1A3956D46DE8}") = "Tests", "Tests", "{F136D67C-93BF-454D-97B5-D9B20EE7A76F}"
EndProject
Global
	GlobalSection(SolutionConfigurationPlatforms) = preSolution
		Debug|Any CPU = Debug|Any CPU
		Release|Any CPU = Release|Any CPU
	EndGlobalSection
	GlobalSection(ProjectConfigurationPlatforms) = postSolution
		{27343B89-6CB8-4B9E-8B03-9BE4BD6F4FB0}.Debug|Any CPU.ActiveCfg = Debug|Any CPU
		{27343B89-6CB8-4B9E-8B03-9BE4BD6F4FB0}.Debug|Any CPU.Build.0 = Debug|Any CPU
		{27343B89-6CB8-4B9E-8B03-9BE4BD6F4FB0}.Release|Any CPU.ActiveCfg = Release|Any CPU
		{27343B89-6CB8-4B9E-8B03-9BE4BD6F4FB0}.Release|Any CPU.Build.0 = Release|Any CPU
		{DC1F529D-68B1-4D27-8616-743E835A75CF}.Debug|Any CPU.ActiveCfg = Debug|Any CPU
		{DC1F529D-68B1-4D27-8616-743E835A75CF}.Debug|Any CPU.Build.0 = Debug|Any CPU
		{DC1F529D-68B1-4D27-8616-743E835A75CF}.Release|Any CPU.ActiveCfg = Release|Any CPU
		{DC1F529D-68B1-4D27-8616-743E835A75CF}.Release|Any CPU.Build.0 = Release|Any CPU
	EndGlobalSection
	GlobalSection(SolutionProperties) = preSolution
		HideSolutionNode = FALSE
	EndGlobalSection
	GlobalSection(NestedProjects) = preSolution
		{27343B89-6CB8-4B9E-8B03-9BE4BD6F4FB0} = {D08B652E-B98B-473A-AC59-390AB952250C}
		{DC1F529D-68B1-4D27-8616-743E835A75CF} = {F136D67C-93BF-454D-97B5-D9B20EE7A76F}
	EndGlobalSection
	GlobalSection(ExtensibilityGlobals) = postSolution
		SolutionGuid = {5A0C7BC2-9D66-42B8-BD1D-E6CAC0459A24}
	EndGlobalSection
EndGlobal
